// !$*UTF8*$!
{
	archiveVersion = 1;
	classes = {
	};
	objectVersion = 46;
	objects = {

/* Begin PBXBuildFile section */
		632D3FAB1E8100A6001B5587 /* graph.cpp in Sources */ = {isa = PBXBuildFile; fileRef = 632D3FA81E8100A6001B5587 /* graph.cpp */; };
		632D3FAC1E8100A6001B5587 /* maxflow.cpp in Sources */ = {isa = PBXBuildFile; fileRef = 632D3FAA1E8100A6001B5587 /* maxflow.cpp */; };
		632D3FAE1E810102001B5587 /* instances.inc in Sources */ = {isa = PBXBuildFile; fileRef = 632D3FAD1E810102001B5587 /* instances.inc */; };
		6336EA6D1E7D7ADE00B4B774 /* main.m in Sources */ = {isa = PBXBuildFile; fileRef = 6336EA6C1E7D7ADE00B4B774 /* main.m */; };
		6336EA701E7D7ADE00B4B774 /* AppDelegate.m in Sources */ = {isa = PBXBuildFile; fileRef = 6336EA6F1E7D7ADE00B4B774 /* AppDelegate.m */; };
		6336EA731E7D7ADE00B4B774 /* ViewController.mm in Sources */ = {isa = PBXBuildFile; fileRef = 6336EA721E7D7ADE00B4B774 /* ViewController.mm */; };
		6336EA761E7D7ADE00B4B774 /* Main.storyboard in Resources */ = {isa = PBXBuildFile; fileRef = 6336EA741E7D7ADE00B4B774 /* Main.storyboard */; };
		6336EA781E7D7ADE00B4B774 /* Assets.xcassets in Resources */ = {isa = PBXBuildFile; fileRef = 6336EA771E7D7ADE00B4B774 /* Assets.xcassets */; };
		6336EA7B1E7D7ADE00B4B774 /* LaunchScreen.storyboard in Resources */ = {isa = PBXBuildFile; fileRef = 6336EA791E7D7ADE00B4B774 /* LaunchScreen.storyboard */; };
		6336EA851E7D7C0C00B4B774 /* IMG_6541.JPG in Resources */ = {isa = PBXBuildFile; fileRef = 6336EA831E7D7C0C00B4B774 /* IMG_6541.JPG */; };
		6336EA861E7D7C0C00B4B774 /* IMG_6542.JPG in Resources */ = {isa = PBXBuildFile; fileRef = 6336EA841E7D7C0C00B4B774 /* IMG_6542.JPG */; };
		6336EA891E7D7C5700B4B774 /* test_1.jpg in Resources */ = {isa = PBXBuildFile; fileRef = 6336EA871E7D7C5700B4B774 /* test_1.jpg */; };
		6336EA8A1E7D7C5700B4B774 /* test_2.jpg in Resources */ = {isa = PBXBuildFile; fileRef = 6336EA881E7D7C5700B4B774 /* test_2.jpg */; };
		6336EA8F1E7D7CFD00B4B774 /* UIImage+CVMat.mm in Sources */ = {isa = PBXBuildFile; fileRef = 6336EA8E1E7D7CFD00B4B774 /* UIImage+CVMat.mm */; };
		6336EA921E7D810400B4B774 /* opencv2.framework in Frameworks */ = {isa = PBXBuildFile; fileRef = 6336EA911E7D810400B4B774 /* opencv2.framework */; };
		6336EA971E7D832F00B4B774 /* Accelerate.framework in Frameworks */ = {isa = PBXBuildFile; fileRef = 6336EA961E7D832F00B4B774 /* Accelerate.framework */; };
		6336EA991E7D835300B4B774 /* CoreGraphics.framework in Frameworks */ = {isa = PBXBuildFile; fileRef = 6336EA981E7D835300B4B774 /* CoreGraphics.framework */; };
		6336EA9B1E7D838200B4B774 /* UIKit.framework in Frameworks */ = {isa = PBXBuildFile; fileRef = 6336EA9A1E7D838200B4B774 /* UIKit.framework */; };
/* End PBXBuildFile section */

/* Begin PBXFileReference section */
		632D3FA71E8100A6001B5587 /* block.h */ = {isa = PBXFileReference; fileEncoding = 4; lastKnownFileType = sourcecode.c.h; path = block.h; sourceTree = "<group>"; };
		632D3FA81E8100A6001B5587 /* graph.cpp */ = {isa = PBXFileReference; fileEncoding = 4; lastKnownFileType = sourcecode.cpp.cpp; path = graph.cpp; sourceTree = "<group>"; };
		632D3FA91E8100A6001B5587 /* graph.h */ = {isa = PBXFileReference; fileEncoding = 4; lastKnownFileType = sourcecode.c.h; path = graph.h; sourceTree = "<group>"; };
		632D3FAA1E8100A6001B5587 /* maxflow.cpp */ = {isa = PBXFileReference; fileEncoding = 4; lastKnownFileType = sourcecode.cpp.cpp; path = maxflow.cpp; sourceTree = "<group>"; };
		632D3FAD1E810102001B5587 /* instances.inc */ = {isa = PBXFileReference; fileEncoding = 4; lastKnownFileType = sourcecode.pascal; path = instances.inc; sourceTree = "<group>"; };
		6336EA681E7D7ADE00B4B774 /* TwinYolk.app */ = {isa = PBXFileReference; explicitFileType = wrapper.application; includeInIndex = 0; path = TwinYolk.app; sourceTree = BUILT_PRODUCTS_DIR; };
		6336EA6C1E7D7ADE00B4B774 /* main.m */ = {isa = PBXFileReference; lastKnownFileType = sourcecode.c.objc; path = main.m; sourceTree = "<group>"; };
		6336EA6E1E7D7ADE00B4B774 /* AppDelegate.h */ = {isa = PBXFileReference; lastKnownFileType = sourcecode.c.h; path = AppDelegate.h; sourceTree = "<group>"; };
		6336EA6F1E7D7ADE00B4B774 /* AppDelegate.m */ = {isa = PBXFileReference; lastKnownFileType = sourcecode.c.objc; path = AppDelegate.m; sourceTree = "<group>"; };
		6336EA711E7D7ADE00B4B774 /* ViewController.h */ = {isa = PBXFileReference; lastKnownFileType = sourcecode.c.h; path = ViewController.h; sourceTree = "<group>"; };
		6336EA721E7D7ADE00B4B774 /* ViewController.mm */ = {isa = PBXFileReference; lastKnownFileType = sourcecode.cpp.objcpp; path = ViewController.mm; sourceTree = "<group>"; };
		6336EA751E7D7ADE00B4B774 /* Base */ = {isa = PBXFileReference; lastKnownFileType = file.storyboard; name = Base; path = Base.lproj/Main.storyboard; sourceTree = "<group>"; };
		6336EA771E7D7ADE00B4B774 /* Assets.xcassets */ = {isa = PBXFileReference; lastKnownFileType = folder.assetcatalog; path = Assets.xcassets; sourceTree = "<group>"; };
		6336EA7A1E7D7ADE00B4B774 /* Base */ = {isa = PBXFileReference; lastKnownFileType = file.storyboard; name = Base; path = Base.lproj/LaunchScreen.storyboard; sourceTree = "<group>"; };
		6336EA7C1E7D7ADE00B4B774 /* Info.plist */ = {isa = PBXFileReference; lastKnownFileType = text.plist.xml; path = Info.plist; sourceTree = "<group>"; };
		6336EA831E7D7C0C00B4B774 /* IMG_6541.JPG */ = {isa = PBXFileReference; lastKnownFileType = image.jpeg; path = IMG_6541.JPG; sourceTree = "<group>"; };
		6336EA841E7D7C0C00B4B774 /* IMG_6542.JPG */ = {isa = PBXFileReference; lastKnownFileType = image.jpeg; path = IMG_6542.JPG; sourceTree = "<group>"; };
		6336EA871E7D7C5700B4B774 /* test_1.jpg */ = {isa = PBXFileReference; lastKnownFileType = image.jpeg; path = test_1.jpg; sourceTree = "<group>"; };
		6336EA881E7D7C5700B4B774 /* test_2.jpg */ = {isa = PBXFileReference; lastKnownFileType = image.jpeg; path = test_2.jpg; sourceTree = "<group>"; };
		6336EA8D1E7D7CFD00B4B774 /* UIImage+CVMat.h */ = {isa = PBXFileReference; fileEncoding = 4; lastKnownFileType = sourcecode.c.h; path = "UIImage+CVMat.h"; sourceTree = "<group>"; };
		6336EA8E1E7D7CFD00B4B774 /* UIImage+CVMat.mm */ = {isa = PBXFileReference; fileEncoding = 4; lastKnownFileType = sourcecode.cpp.objcpp; path = "UIImage+CVMat.mm"; sourceTree = "<group>"; };
		6336EA911E7D810400B4B774 /* opencv2.framework */ = {isa = PBXFileReference; lastKnownFileType = wrapper.framework; path = opencv2.framework; sourceTree = "<group>"; };
		6336EA941E7D831800B4B774 /* CoreImage.framework */ = {isa = PBXFileReference; lastKnownFileType = wrapper.framework; name = CoreImage.framework; path = System/Library/Frameworks/CoreImage.framework; sourceTree = SDKROOT; };
		6336EA961E7D832F00B4B774 /* Accelerate.framework */ = {isa = PBXFileReference; lastKnownFileType = wrapper.framework; name = Accelerate.framework; path = System/Library/Frameworks/Accelerate.framework; sourceTree = SDKROOT; };
		6336EA981E7D835300B4B774 /* CoreGraphics.framework */ = {isa = PBXFileReference; lastKnownFileType = wrapper.framework; name = CoreGraphics.framework; path = System/Library/Frameworks/CoreGraphics.framework; sourceTree = SDKROOT; };
		6336EA9A1E7D838200B4B774 /* UIKit.framework */ = {isa = PBXFileReference; lastKnownFileType = wrapper.framework; name = UIKit.framework; path = System/Library/Frameworks/UIKit.framework; sourceTree = SDKROOT; };
/* End PBXFileReference section */

/* Begin PBXFrameworksBuildPhase section */
		6336EA651E7D7ADE00B4B774 /* Frameworks */ = {
			isa = PBXFrameworksBuildPhase;
			buildActionMask = 2147483647;
			files = (
				6336EA9B1E7D838200B4B774 /* UIKit.framework in Frameworks */,
				6336EA991E7D835300B4B774 /* CoreGraphics.framework in Frameworks */,
				6336EA971E7D832F00B4B774 /* Accelerate.framework in Frameworks */,
				6336EA921E7D810400B4B774 /* opencv2.framework in Frameworks */,
			);
			runOnlyForDeploymentPostprocessing = 0;
		};
/* End PBXFrameworksBuildPhase section */

/* Begin PBXGroup section */
		632D3FA61E8100A6001B5587 /* MaxFlow */ = {
			isa = PBXGroup;
			children = (
				632D3FAD1E810102001B5587 /* instances.inc */,
				632D3FA71E8100A6001B5587 /* block.h */,
				632D3FA81E8100A6001B5587 /* graph.cpp */,
				632D3FA91E8100A6001B5587 /* graph.h */,
				632D3FAA1E8100A6001B5587 /* maxflow.cpp */,
			);
			path = MaxFlow;
			sourceTree = "<group>";
		};
		6336EA5F1E7D7ADE00B4B774 = {
			isa = PBXGroup;
			children = (
				6336EA6A1E7D7ADE00B4B774 /* TwinYolk */,
				6336EA691E7D7ADE00B4B774 /* Products */,
				6336EA931E7D831800B4B774 /* Frameworks */,
			);
			sourceTree = "<group>";
		};
		6336EA691E7D7ADE00B4B774 /* Products */ = {
			isa = PBXGroup;
			children = (
				6336EA681E7D7ADE00B4B774 /* TwinYolk.app */,
			);
			name = Products;
			sourceTree = "<group>";
		};
		6336EA6A1E7D7ADE00B4B774 /* TwinYolk */ = {
			isa = PBXGroup;
			children = (
				6336EA8B1E7D7CFD00B4B774 /* Utility */,
				6336EA6E1E7D7ADE00B4B774 /* AppDelegate.h */,
				6336EA6F1E7D7ADE00B4B774 /* AppDelegate.m */,
				6336EA711E7D7ADE00B4B774 /* ViewController.h */,
				6336EA721E7D7ADE00B4B774 /* ViewController.mm */,
				6336EA901E7D810400B4B774 /* Library */,
				6336EA821E7D7C0C00B4B774 /* Resource */,
				6336EA741E7D7ADE00B4B774 /* Main.storyboard */,
				6336EA771E7D7ADE00B4B774 /* Assets.xcassets */,
				6336EA791E7D7ADE00B4B774 /* LaunchScreen.storyboard */,
				6336EA7C1E7D7ADE00B4B774 /* Info.plist */,
				6336EA6B1E7D7ADE00B4B774 /* Supporting Files */,
			);
			path = TwinYolk;
			sourceTree = "<group>";
		};
		6336EA6B1E7D7ADE00B4B774 /* Supporting Files */ = {
			isa = PBXGroup;
			children = (
				6336EA6C1E7D7ADE00B4B774 /* main.m */,
			);
			name = "Supporting Files";
			sourceTree = "<group>";
		};
		6336EA821E7D7C0C00B4B774 /* Resource */ = {
			isa = PBXGroup;
			children = (
				6336EA871E7D7C5700B4B774 /* test_1.jpg */,
				6336EA881E7D7C5700B4B774 /* test_2.jpg */,
				6336EA831E7D7C0C00B4B774 /* IMG_6541.JPG */,
				6336EA841E7D7C0C00B4B774 /* IMG_6542.JPG */,
			);
			path = Resource;
			sourceTree = "<group>";
		};
		6336EA8B1E7D7CFD00B4B774 /* Utility */ = {
			isa = PBXGroup;
			children = (
				6336EA8C1E7D7CFD00B4B774 /* UIImage */,
			);
			path = Utility;
			sourceTree = "<group>";
		};
		6336EA8C1E7D7CFD00B4B774 /* UIImage */ = {
			isa = PBXGroup;
			children = (
				6336EA8D1E7D7CFD00B4B774 /* UIImage+CVMat.h */,
				6336EA8E1E7D7CFD00B4B774 /* UIImage+CVMat.mm */,
			);
			path = UIImage;
			sourceTree = "<group>";
		};
		6336EA901E7D810400B4B774 /* Library */ = {
			isa = PBXGroup;
			children = (
				632D3FA61E8100A6001B5587 /* MaxFlow */,
				6336EA911E7D810400B4B774 /* opencv2.framework */,
			);
			path = Library;
			sourceTree = "<group>";
		};
		6336EA931E7D831800B4B774 /* Frameworks */ = {
			isa = PBXGroup;
			children = (
				6336EA9A1E7D838200B4B774 /* UIKit.framework */,
				6336EA981E7D835300B4B774 /* CoreGraphics.framework */,
				6336EA961E7D832F00B4B774 /* Accelerate.framework */,
				6336EA941E7D831800B4B774 /* CoreImage.framework */,
			);
			name = Frameworks;
			sourceTree = "<group>";
		};
/* End PBXGroup section */

/* Begin PBXNativeTarget section */
		6336EA671E7D7ADE00B4B774 /* TwinYolk */ = {
			isa = PBXNativeTarget;
			buildConfigurationList = 6336EA7F1E7D7ADE00B4B774 /* Build configuration list for PBXNativeTarget "TwinYolk" */;
			buildPhases = (
				6336EA641E7D7ADE00B4B774 /* Sources */,
				6336EA651E7D7ADE00B4B774 /* Frameworks */,
				6336EA661E7D7ADE00B4B774 /* Resources */,
			);
			buildRules = (
			);
			dependencies = (
			);
			name = TwinYolk;
			productName = TwinYolk;
			productReference = 6336EA681E7D7ADE00B4B774 /* TwinYolk.app */;
			productType = "com.apple.product-type.application";
		};
/* End PBXNativeTarget section */

/* Begin PBXProject section */
		6336EA601E7D7ADE00B4B774 /* Project object */ = {
			isa = PBXProject;
			attributes = {
				LastUpgradeCheck = 0820;
				ORGANIZATIONNAME = tencent;
				TargetAttributes = {
					6336EA671E7D7ADE00B4B774 = {
						CreatedOnToolsVersion = 8.2.1;
						DevelopmentTeam = A3GRMU25FA;
						ProvisioningStyle = Automatic;
					};
				};
			};
			buildConfigurationList = 6336EA631E7D7ADE00B4B774 /* Build configuration list for PBXProject "TwinYolk" */;
			compatibilityVersion = "Xcode 3.2";
			developmentRegion = English;
			hasScannedForEncodings = 0;
			knownRegions = (
				en,
				Base,
			);
			mainGroup = 6336EA5F1E7D7ADE00B4B774;
			productRefGroup = 6336EA691E7D7ADE00B4B774 /* Products */;
			projectDirPath = "";
			projectRoot = "";
			targets = (
				6336EA671E7D7ADE00B4B774 /* TwinYolk */,
			);
		};
/* End PBXProject section */

/* Begin PBXResourcesBuildPhase section */
		6336EA661E7D7ADE00B4B774 /* Resources */ = {
			isa = PBXResourcesBuildPhase;
			buildActionMask = 2147483647;
			files = (
				6336EA8A1E7D7C5700B4B774 /* test_2.jpg in Resources */,
				6336EA7B1E7D7ADE00B4B774 /* LaunchScreen.storyboard in Resources */,
				6336EA861E7D7C0C00B4B774 /* IMG_6542.JPG in Resources */,
				6336EA781E7D7ADE00B4B774 /* Assets.xcassets in Resources */,
				6336EA761E7D7ADE00B4B774 /* Main.storyboard in Resources */,
				6336EA851E7D7C0C00B4B774 /* IMG_6541.JPG in Resources */,
				6336EA891E7D7C5700B4B774 /* test_1.jpg in Resources */,
			);
			runOnlyForDeploymentPostprocessing = 0;
		};
/* End PBXResourcesBuildPhase section */

/* Begin PBXSourcesBuildPhase section */
		6336EA641E7D7ADE00B4B774 /* Sources */ = {
			isa = PBXSourcesBuildPhase;
			buildActionMask = 2147483647;
			files = (
				6336EA731E7D7ADE00B4B774 /* ViewController.mm in Sources */,
				6336EA701E7D7ADE00B4B774 /* AppDelegate.m in Sources */,
				632D3FAB1E8100A6001B5587 /* graph.cpp in Sources */,
				632D3FAE1E810102001B5587 /* instances.inc in Sources */,
				6336EA6D1E7D7ADE00B4B774 /* main.m in Sources */,
				632D3FAC1E8100A6001B5587 /* maxflow.cpp in Sources */,
				6336EA8F1E7D7CFD00B4B774 /* UIImage+CVMat.mm in Sources */,
			);
			runOnlyForDeploymentPostprocessing = 0;
		};
/* End PBXSourcesBuildPhase section */

/* Begin PBXVariantGroup section */
		6336EA741E7D7ADE00B4B774 /* Main.storyboard */ = {
			isa = PBXVariantGroup;
			children = (
				6336EA751E7D7ADE00B4B774 /* Base */,
			);
			name = Main.storyboard;
			sourceTree = "<group>";
		};
		6336EA791E7D7ADE00B4B774 /* LaunchScreen.storyboard */ = {
			isa = PBXVariantGroup;
			children = (
				6336EA7A1E7D7ADE00B4B774 /* Base */,
			);
			name = LaunchScreen.storyboard;
			sourceTree = "<group>";
		};
/* End PBXVariantGroup section */

/* Begin XCBuildConfiguration section */
		6336EA7D1E7D7ADE00B4B774 /* Debug */ = {
			isa = XCBuildConfiguration;
			buildSettings = {
				ALWAYS_SEARCH_USER_PATHS = NO;
				CLANG_ANALYZER_NONNULL = YES;
				CLANG_CXX_LANGUAGE_STANDARD = "gnu++0x";
				CLANG_CXX_LIBRARY = "libc++";
				CLANG_ENABLE_MODULES = YES;
				CLANG_ENABLE_OBJC_ARC = YES;
				CLANG_WARN_BOOL_CONVERSION = YES;
				CLANG_WARN_CONSTANT_CONVERSION = YES;
				CLANG_WARN_DIRECT_OBJC_ISA_USAGE = YES_ERROR;
				CLANG_WARN_DOCUMENTATION_COMMENTS = YES;
				CLANG_WARN_EMPTY_BODY = YES;
				CLANG_WARN_ENUM_CONVERSION = YES;
				CLANG_WARN_INFINITE_RECURSION = YES;
				CLANG_WARN_INT_CONVERSION = YES;
				CLANG_WARN_OBJC_ROOT_CLASS = YES_ERROR;
				CLANG_WARN_SUSPICIOUS_MOVE = YES;
				CLANG_WARN_UNREACHABLE_CODE = YES;
				CLANG_WARN__DUPLICATE_METHOD_MATCH = YES;
				"CODE_SIGN_IDENTITY[sdk=iphoneos*]" = "iPhone Developer";
				COPY_PHASE_STRIP = NO;
				DEBUG_INFORMATION_FORMAT = dwarf;
				ENABLE_STRICT_OBJC_MSGSEND = YES;
				ENABLE_TESTABILITY = YES;
				GCC_C_LANGUAGE_STANDARD = gnu99;
				GCC_DYNAMIC_NO_PIC = NO;
				GCC_NO_COMMON_BLOCKS = YES;
				GCC_OPTIMIZATION_LEVEL = 0;
				GCC_PREPROCESSOR_DEFINITIONS = (
					"DEBUG=1",
					"$(inherited)",
				);
				GCC_WARN_64_TO_32_BIT_CONVERSION = YES;
				GCC_WARN_ABOUT_RETURN_TYPE = YES_ERROR;
				GCC_WARN_UNDECLARED_SELECTOR = YES;
				GCC_WARN_UNINITIALIZED_AUTOS = YES_AGGRESSIVE;
				GCC_WARN_UNUSED_FUNCTION = YES;
				GCC_WARN_UNUSED_VARIABLE = YES;
				IPHONEOS_DEPLOYMENT_TARGET = 10.2;
				MTL_ENABLE_DEBUG_INFO = YES;
				ONLY_ACTIVE_ARCH = YES;
				SDKROOT = iphoneos;
			};
			name = Debug;
		};
		6336EA7E1E7D7ADE00B4B774 /* Release */ = {
			isa = XCBuildConfiguration;
			buildSettings = {
				ALWAYS_SEARCH_USER_PATHS = NO;
				CLANG_ANALYZER_NONNULL = YES;
				CLANG_CXX_LANGUAGE_STANDARD = "gnu++0x";
				CLANG_CXX_LIBRARY = "libc++";
				CLANG_ENABLE_MODULES = YES;
				CLANG_ENABLE_OBJC_ARC = YES;
				CLANG_WARN_BOOL_CONVERSION = YES;
				CLANG_WARN_CONSTANT_CONVERSION = YES;
				CLANG_WARN_DIRECT_OBJC_ISA_USAGE = YES_ERROR;
				CLANG_WARN_DOCUMENTATION_COMMENTS = YES;
				CLANG_WARN_EMPTY_BODY = YES;
				CLANG_WARN_ENUM_CONVERSION = YES;
				CLANG_WARN_INFINITE_RECURSION = YES;
				CLANG_WARN_INT_CONVERSION = YES;
				CLANG_WARN_OBJC_ROOT_CLASS = YES_ERROR;
				CLANG_WARN_SUSPICIOUS_MOVE = YES;
				CLANG_WARN_UNREACHABLE_CODE = YES;
				CLANG_WARN__DUPLICATE_METHOD_MATCH = YES;
				"CODE_SIGN_IDENTITY[sdk=iphoneos*]" = "iPhone Developer";
				COPY_PHASE_STRIP = NO;
				DEBUG_INFORMATION_FORMAT = "dwarf-with-dsym";
				ENABLE_NS_ASSERTIONS = NO;
				ENABLE_STRICT_OBJC_MSGSEND = YES;
				GCC_C_LANGUAGE_STANDARD = gnu99;
				GCC_NO_COMMON_BLOCKS = YES;
				GCC_WARN_64_TO_32_BIT_CONVERSION = YES;
				GCC_WARN_ABOUT_RETURN_TYPE = YES_ERROR;
				GCC_WARN_UNDECLARED_SELECTOR = YES;
				GCC_WARN_UNINITIALIZED_AUTOS = YES_AGGRESSIVE;
				GCC_WARN_UNUSED_FUNCTION = YES;
				GCC_WARN_UNUSED_VARIABLE = YES;
				IPHONEOS_DEPLOYMENT_TARGET = 10.2;
				MTL_ENABLE_DEBUG_INFO = NO;
				SDKROOT = iphoneos;
				VALIDATE_PRODUCT = YES;
			};
			name = Release;
		};
		6336EA801E7D7ADE00B4B774 /* Debug */ = {
			isa = XCBuildConfiguration;
			buildSettings = {
				ASSETCATALOG_COMPILER_APPICON_NAME = AppIcon;
				DEVELOPMENT_TEAM = A3GRMU25FA;
				FRAMEWORK_SEARCH_PATHS = (
					"$(inherited)",
					"$(PROJECT_DIR)/TwinYolk/Library",
				);
				GCC_INPUT_FILETYPE = sourcecode.cpp.objcpp;
				INFOPLIST_FILE = TwinYolk/Info.plist;
				LD_RUNPATH_SEARCH_PATHS = "$(inherited) @executable_path/Frameworks";
				PRODUCT_BUNDLE_IDENTIFIER = com.tencent.TwinYolk;
				PRODUCT_NAME = "$(TARGET_NAME)";
			};
			name = Debug;
		};
		6336EA811E7D7ADE00B4B774 /* Release */ = {
			isa = XCBuildConfiguration;
			buildSettings = {
				ASSETCATALOG_COMPILER_APPICON_NAME = AppIcon;
				DEVELOPMENT_TEAM = A3GRMU25FA;
				FRAMEWORK_SEARCH_PATHS = (
					"$(inherited)",
					"$(PROJECT_DIR)/TwinYolk/Library",
				);
				GCC_INPUT_FILETYPE = sourcecode.cpp.objcpp;
				INFOPLIST_FILE = TwinYolk/Info.plist;
				LD_RUNPATH_SEARCH_PATHS = "$(inherited) @executable_path/Frameworks";
				PRODUCT_BUNDLE_IDENTIFIER = com.tencent.TwinYolk;
				PRODUCT_NAME = "$(TARGET_NAME)";
			};
			name = Release;
		};
/* End XCBuildConfiguration section */

/* Begin XCConfigurationList section */
		6336EA631E7D7ADE00B4B774 /* Build configuration list for PBXProject "TwinYolk" */ = {
			isa = XCConfigurationList;
			buildConfigurations = (
				6336EA7D1E7D7ADE00B4B774 /* Debug */,
				6336EA7E1E7D7ADE00B4B774 /* Release */,
			);
			defaultConfigurationIsVisible = 0;
			defaultConfigurationName = Release;
		};
		6336EA7F1E7D7ADE00B4B774 /* Build configuration list for PBXNativeTarget "TwinYolk" */ = {
			isa = XCConfigurationList;
			buildConfigurations = (
				6336EA801E7D7ADE00B4B774 /* Debug */,
				6336EA811E7D7ADE00B4B774 /* Release */,
			);
			defaultConfigurationIsVisible = 0;
			defaultConfigurationName = Release;
		};
/* End XCConfigurationList section */
	};
	rootObject = 6336EA601E7D7ADE00B4B774 /* Project object */;
}
